
Microsoft Visual Studio Solution File, Format Version 12.00
# Visual Studio 15
VisualStudioVersion = 15.0.27004.2005
MinimumVisualStudioVersion = 10.0.40219.1
Project("{FAE04EC0-301F-11D3-BF4B-00C04F79EFBC}") = "Calendar", "Calendar\Calendar.csproj", "{2D339AC1-5430-4C06-A323-89B822D2A76E}"
EndProject
Global
	GlobalSection(SolutionConfigurationPlatforms) = preSolution
		Debug|Any CPU = Debug|Any CPU
		Release|Any CPU = Release|Any CPU
	EndGlobalSection
	GlobalSection(ProjectConfigurationPlatforms) = postSolution
		{2D339AC1-5430-4C06-A323-89B822D2A76E}.Debug|Any CPU.ActiveCfg = Debug|Any CPU
		{2D339AC1-5430-4C06-A323-89B822D2A76E}.Debug|Any CPU.Build.0 = Debug|Any CPU
		{2D339AC1-5430-4C06-A323-89B822D2A76E}.Release|Any CPU.ActiveCfg = Release|Any CPU
		{2D339AC1-5430-4C06-A323-89B822D2A76E}.Release|Any CPU.Build.0 = Release|Any CPU
	EndGlobalSection
	GlobalSection(SolutionProperties) = preSolution
		HideSolutionNode = FALSE
	EndGlobalSection
	GlobalSection(ExtensibilityGlobals) = postSolution
		SolutionGuid = {2D3190AD-BF7F-46B1-90CB-C65B9F186613}
	EndGlobalSection
EndGlobal
